
Microsoft Visual Studio Solution File, Format Version 12.00
# Visual Studio Version 17
VisualStudioVersion = 17.11.35327.3
MinimumVisualStudioVersion = 10.0.40219.1
Project("{2150E333-8FDC-42A3-9474-1A3956D46DE8}") = "src", "src", "{86E2B22C-7A6F-4D0C-9AAF-562BDF1D10E9}"
EndProject
Project("{2150E333-8FDC-42A3-9474-1A3956D46DE8}") = "tests", "tests", "{024A84E1-B2D3-4DF1-8C1E-92E862BDFDAB}"
EndProject
Project("{FAE04EC0-301F-11D3-BF4B-00C04F79EFBC}") = "SocialNetwork.Domain", "SocialNetwork.Domain\SocialNetwork.Domain.csproj", "{07188557-8536-4220-B9AA-34C459A5145A}"
EndProject
Project("{FAE04EC0-301F-11D3-BF4B-00C04F79EFBC}") = "SocialNetwork.Tests.Unity", "SocialNetwork.Tests.Unity\SocialNetwork.Tests.Unity.csproj", "{40C12165-8F0F-469F-B7C3-C5C9C5197CCA}"
EndProject
Project("{FAE04EC0-301F-11D3-BF4B-00C04F79EFBC}") = "SocialNetwork.Infrastructure", "SocialNetwork.Infrastructure\SocialNetwork.Infrastructure.csproj", "{F5355CBD-C07F-4CBC-8517-45E940EEFFBD}"
EndProject
Project("{FAE04EC0-301F-11D3-BF4B-00C04F79EFBC}") = "SocialNetwork.Api", "SocialNetwork.Api\SocialNetwork.Api.csproj", "{A07C78F0-978F-425D-A18F-0B60EA3DB2B0}"
EndProject
Global
	GlobalSection(SolutionConfigurationPlatforms) = preSolution
		Debug|Any CPU = Debug|Any CPU
		Release|Any CPU = Release|Any CPU
	EndGlobalSection
	GlobalSection(ProjectConfigurationPlatforms) = postSolution
		{07188557-8536-4220-B9AA-34C459A5145A}.Debug|Any CPU.ActiveCfg = Debug|Any CPU
		{07188557-8536-4220-B9AA-34C459A5145A}.Debug|Any CPU.Build.0 = Debug|Any CPU
		{07188557-8536-4220-B9AA-34C459A5145A}.Release|Any CPU.ActiveCfg = Release|Any CPU
		{07188557-8536-4220-B9AA-34C459A5145A}.Release|Any CPU.Build.0 = Release|Any CPU
		{40C12165-8F0F-469F-B7C3-C5C9C5197CCA}.Debug|Any CPU.ActiveCfg = Debug|Any CPU
		{40C12165-8F0F-469F-B7C3-C5C9C5197CCA}.Debug|Any CPU.Build.0 = Debug|Any CPU
		{40C12165-8F0F-469F-B7C3-C5C9C5197CCA}.Release|Any CPU.ActiveCfg = Release|Any CPU
		{40C12165-8F0F-469F-B7C3-C5C9C5197CCA}.Release|Any CPU.Build.0 = Release|Any CPU
		{F5355CBD-C07F-4CBC-8517-45E940EEFFBD}.Debug|Any CPU.ActiveCfg = Debug|Any CPU
		{F5355CBD-C07F-4CBC-8517-45E940EEFFBD}.Debug|Any CPU.Build.0 = Debug|Any CPU
		{F5355CBD-C07F-4CBC-8517-45E940EEFFBD}.Release|Any CPU.ActiveCfg = Release|Any CPU
		{F5355CBD-C07F-4CBC-8517-45E940EEFFBD}.Release|Any CPU.Build.0 = Release|Any CPU
		{A07C78F0-978F-425D-A18F-0B60EA3DB2B0}.Debug|Any CPU.ActiveCfg = Debug|Any CPU
		{A07C78F0-978F-425D-A18F-0B60EA3DB2B0}.Debug|Any CPU.Build.0 = Debug|Any CPU
		{A07C78F0-978F-425D-A18F-0B60EA3DB2B0}.Release|Any CPU.ActiveCfg = Release|Any CPU
		{A07C78F0-978F-425D-A18F-0B60EA3DB2B0}.Release|Any CPU.Build.0 = Release|Any CPU
	EndGlobalSection
	GlobalSection(SolutionProperties) = preSolution
		HideSolutionNode = FALSE
	EndGlobalSection
	GlobalSection(NestedProjects) = preSolution
		{07188557-8536-4220-B9AA-34C459A5145A} = {86E2B22C-7A6F-4D0C-9AAF-562BDF1D10E9}
		{40C12165-8F0F-469F-B7C3-C5C9C5197CCA} = {024A84E1-B2D3-4DF1-8C1E-92E862BDFDAB}
		{F5355CBD-C07F-4CBC-8517-45E940EEFFBD} = {86E2B22C-7A6F-4D0C-9AAF-562BDF1D10E9}
		{A07C78F0-978F-425D-A18F-0B60EA3DB2B0} = {86E2B22C-7A6F-4D0C-9AAF-562BDF1D10E9}
	EndGlobalSection
	GlobalSection(ExtensibilityGlobals) = postSolution
		SolutionGuid = {64238D90-8337-4442-BF9F-E887AB32F648}
	EndGlobalSection
EndGlobal
